
Microsoft Visual Studio Solution File, Format Version 12.00
# Visual Studio Version 16
VisualStudioVersion = 16.0.31911.196
MinimumVisualStudioVersion = 10.0.40219.1
Project("{FAE04EC0-301F-11D3-BF4B-00C04F79EFBC}") = "Uri_1000", "Uri_1000\Uri_1000.csproj", "{50D4CCE4-98DD-481C-BF6D-4F8DCF8AEEC5}"
EndProject
Global
	GlobalSection(SolutionConfigurationPlatforms) = preSolution
		Debug|Any CPU = Debug|Any CPU
		Release|Any CPU = Release|Any CPU
	EndGlobalSection
	GlobalSection(ProjectConfigurationPlatforms) = postSolution
		{50D4CCE4-98DD-481C-BF6D-4F8DCF8AEEC5}.Debug|Any CPU.ActiveCfg = Debug|Any CPU
		{50D4CCE4-98DD-481C-BF6D-4F8DCF8AEEC5}.Debug|Any CPU.Build.0 = Debug|Any CPU
		{50D4CCE4-98DD-481C-BF6D-4F8DCF8AEEC5}.Release|Any CPU.ActiveCfg = Release|Any CPU
		{50D4CCE4-98DD-481C-BF6D-4F8DCF8AEEC5}.Release|Any CPU.Build.0 = Release|Any CPU
	EndGlobalSection
	GlobalSection(SolutionProperties) = preSolution
		HideSolutionNode = FALSE
	EndGlobalSection
	GlobalSection(ExtensibilityGlobals) = postSolution
		SolutionGuid = {F841F22F-CFC4-4FCE-A42A-CC745DFA33A4}
	EndGlobalSection
EndGlobal
